
Microsoft Visual Studio Solution File, Format Version 12.00
# Visual Studio 15
VisualStudioVersion = 15.0.26124.0
MinimumVisualStudioVersion = 15.0.26124.0
Project("{2150E333-8FDC-42A3-9474-1A3956D46DE8}") = "src", "src", "{4FB20E91-0ECF-42C3-B043-02B1AD2F704F}"
EndProject
Project("{FAE04EC0-301F-11D3-BF4B-00C04F79EFBC}") = "RapogGenerator", "src\RapogGenerator\RapogGenerator.csproj", "{38342741-61C8-46A6-A4FD-B805DB27FA5B}"
EndProject
Project("{FAE04EC0-301F-11D3-BF4B-00C04F79EFBC}") = "RapogGenerator.Shared", "src\RapogGenerator.Shared\RapogGenerator.Shared.csproj", "{F05356D8-3A4D-4AAC-BB97-4D7D480EF2C9}"
EndProject
Project("{2150E333-8FDC-42A3-9474-1A3956D46DE8}") = "tests", "tests", "{27B9FCDA-FF4F-442D-8FDE-A504443EB57C}"
EndProject
Project("{FAE04EC0-301F-11D3-BF4B-00C04F79EFBC}") = "RapogGenerator.Shared.Tests", "tests\RapogGenerator.Shared.Tests\RapogGenerator.Shared.Tests.csproj", "{7A6B0362-2E85-4A26-B18B-208BCC9ECE09}"
EndProject
Global
	GlobalSection(SolutionConfigurationPlatforms) = preSolution
		Debug|Any CPU = Debug|Any CPU
		Debug|x64 = Debug|x64
		Debug|x86 = Debug|x86
		Release|Any CPU = Release|Any CPU
		Release|x64 = Release|x64
		Release|x86 = Release|x86
	EndGlobalSection
	GlobalSection(SolutionProperties) = preSolution
		HideSolutionNode = FALSE
	EndGlobalSection
	GlobalSection(ProjectConfigurationPlatforms) = postSolution
		{38342741-61C8-46A6-A4FD-B805DB27FA5B}.Debug|Any CPU.ActiveCfg = Debug|Any CPU
		{38342741-61C8-46A6-A4FD-B805DB27FA5B}.Debug|Any CPU.Build.0 = Debug|Any CPU
		{38342741-61C8-46A6-A4FD-B805DB27FA5B}.Debug|x64.ActiveCfg = Debug|Any CPU
		{38342741-61C8-46A6-A4FD-B805DB27FA5B}.Debug|x64.Build.0 = Debug|Any CPU
		{38342741-61C8-46A6-A4FD-B805DB27FA5B}.Debug|x86.ActiveCfg = Debug|Any CPU
		{38342741-61C8-46A6-A4FD-B805DB27FA5B}.Debug|x86.Build.0 = Debug|Any CPU
		{38342741-61C8-46A6-A4FD-B805DB27FA5B}.Release|Any CPU.ActiveCfg = Release|Any CPU
		{38342741-61C8-46A6-A4FD-B805DB27FA5B}.Release|Any CPU.Build.0 = Release|Any CPU
		{38342741-61C8-46A6-A4FD-B805DB27FA5B}.Release|x64.ActiveCfg = Release|Any CPU
		{38342741-61C8-46A6-A4FD-B805DB27FA5B}.Release|x64.Build.0 = Release|Any CPU
		{38342741-61C8-46A6-A4FD-B805DB27FA5B}.Release|x86.ActiveCfg = Release|Any CPU
		{38342741-61C8-46A6-A4FD-B805DB27FA5B}.Release|x86.Build.0 = Release|Any CPU
		{F05356D8-3A4D-4AAC-BB97-4D7D480EF2C9}.Debug|Any CPU.ActiveCfg = Debug|Any CPU
		{F05356D8-3A4D-4AAC-BB97-4D7D480EF2C9}.Debug|Any CPU.Build.0 = Debug|Any CPU
		{F05356D8-3A4D-4AAC-BB97-4D7D480EF2C9}.Debug|x64.ActiveCfg = Debug|Any CPU
		{F05356D8-3A4D-4AAC-BB97-4D7D480EF2C9}.Debug|x64.Build.0 = Debug|Any CPU
		{F05356D8-3A4D-4AAC-BB97-4D7D480EF2C9}.Debug|x86.ActiveCfg = Debug|Any CPU
		{F05356D8-3A4D-4AAC-BB97-4D7D480EF2C9}.Debug|x86.Build.0 = Debug|Any CPU
		{F05356D8-3A4D-4AAC-BB97-4D7D480EF2C9}.Release|Any CPU.ActiveCfg = Release|Any CPU
		{F05356D8-3A4D-4AAC-BB97-4D7D480EF2C9}.Release|Any CPU.Build.0 = Release|Any CPU
		{F05356D8-3A4D-4AAC-BB97-4D7D480EF2C9}.Release|x64.ActiveCfg = Release|Any CPU
		{F05356D8-3A4D-4AAC-BB97-4D7D480EF2C9}.Release|x64.Build.0 = Release|Any CPU
		{F05356D8-3A4D-4AAC-BB97-4D7D480EF2C9}.Release|x86.ActiveCfg = Release|Any CPU
		{F05356D8-3A4D-4AAC-BB97-4D7D480EF2C9}.Release|x86.Build.0 = Release|Any CPU
		{7A6B0362-2E85-4A26-B18B-208BCC9ECE09}.Debug|Any CPU.ActiveCfg = Debug|Any CPU
		{7A6B0362-2E85-4A26-B18B-208BCC9ECE09}.Debug|Any CPU.Build.0 = Debug|Any CPU
		{7A6B0362-2E85-4A26-B18B-208BCC9ECE09}.Debug|x64.ActiveCfg = Debug|Any CPU
		{7A6B0362-2E85-4A26-B18B-208BCC9ECE09}.Debug|x64.Build.0 = Debug|Any CPU
		{7A6B0362-2E85-4A26-B18B-208BCC9ECE09}.Debug|x86.ActiveCfg = Debug|Any CPU
		{7A6B0362-2E85-4A26-B18B-208BCC9ECE09}.Debug|x86.Build.0 = Debug|Any CPU
		{7A6B0362-2E85-4A26-B18B-208BCC9ECE09}.Release|Any CPU.ActiveCfg = Release|Any CPU
		{7A6B0362-2E85-4A26-B18B-208BCC9ECE09}.Release|Any CPU.Build.0 = Release|Any CPU
		{7A6B0362-2E85-4A26-B18B-208BCC9ECE09}.Release|x64.ActiveCfg = Release|Any CPU
		{7A6B0362-2E85-4A26-B18B-208BCC9ECE09}.Release|x64.Build.0 = Release|Any CPU
		{7A6B0362-2E85-4A26-B18B-208BCC9ECE09}.Release|x86.ActiveCfg = Release|Any CPU
		{7A6B0362-2E85-4A26-B18B-208BCC9ECE09}.Release|x86.Build.0 = Release|Any CPU
	EndGlobalSection
	GlobalSection(NestedProjects) = preSolution
		{38342741-61C8-46A6-A4FD-B805DB27FA5B} = {4FB20E91-0ECF-42C3-B043-02B1AD2F704F}
		{F05356D8-3A4D-4AAC-BB97-4D7D480EF2C9} = {4FB20E91-0ECF-42C3-B043-02B1AD2F704F}
		{7A6B0362-2E85-4A26-B18B-208BCC9ECE09} = {27B9FCDA-FF4F-442D-8FDE-A504443EB57C}
	EndGlobalSection
EndGlobal
